
Microsoft Visual Studio Solution File, Format Version 12.00
# Visual Studio Version 17
VisualStudioVersion = 17.7.34024.191
MinimumVisualStudioVersion = 10.0.40219.1
Project("{FAE04EC0-301F-11D3-BF4B-00C04F79EFBC}") = "ДЗ 8", "ДЗ 8\ДЗ 8.csproj", "{AC46D8B9-9072-4DB1-8A64-7A576FC6FA0C}"
EndProject
Project("{FAE04EC0-301F-11D3-BF4B-00C04F79EFBC}") = "ДЗ 8.1", "ДЗ 8.1\ДЗ 8.1.csproj", "{0BE0F694-E4C7-454D-80D1-44FDFAC0E3F3}"
EndProject
Global
	GlobalSection(SolutionConfigurationPlatforms) = preSolution
		Debug|Any CPU = Debug|Any CPU
		Release|Any CPU = Release|Any CPU
	EndGlobalSection
	GlobalSection(ProjectConfigurationPlatforms) = postSolution
		{AC46D8B9-9072-4DB1-8A64-7A576FC6FA0C}.Debug|Any CPU.ActiveCfg = Debug|Any CPU
		{AC46D8B9-9072-4DB1-8A64-7A576FC6FA0C}.Debug|Any CPU.Build.0 = Debug|Any CPU
		{AC46D8B9-9072-4DB1-8A64-7A576FC6FA0C}.Release|Any CPU.ActiveCfg = Release|Any CPU
		{AC46D8B9-9072-4DB1-8A64-7A576FC6FA0C}.Release|Any CPU.Build.0 = Release|Any CPU
		{0BE0F694-E4C7-454D-80D1-44FDFAC0E3F3}.Debug|Any CPU.ActiveCfg = Debug|Any CPU
		{0BE0F694-E4C7-454D-80D1-44FDFAC0E3F3}.Debug|Any CPU.Build.0 = Debug|Any CPU
		{0BE0F694-E4C7-454D-80D1-44FDFAC0E3F3}.Release|Any CPU.ActiveCfg = Release|Any CPU
		{0BE0F694-E4C7-454D-80D1-44FDFAC0E3F3}.Release|Any CPU.Build.0 = Release|Any CPU
	EndGlobalSection
	GlobalSection(SolutionProperties) = preSolution
		HideSolutionNode = FALSE
	EndGlobalSection
	GlobalSection(ExtensibilityGlobals) = postSolution
		SolutionGuid = {A19C46E0-3F57-47EE-A210-3303BE75321C}
	EndGlobalSection
EndGlobal
